{
  "name": "sideeffects",
  "version": "1.0.0",
  "lockfileVersion": 2,
  "requires": true,
  "packages": {
    "": {
      "name": "sideeffects",
      "version": "1.0.0",
      "license": "ISC",
      "devDependencies": {
        "rollup": "2.60.1",
        "rollup-plugin-sizes": "^1.0.4"
      }
    },
    "node_modules/filesize": {
      "version": "6.4.0",
      "resolved": "https://registry.npmjs.org/filesize/-/filesize-6.4.0.tgz",
      "integrity": "sha512-mjFIpOHC4jbfcTfoh4rkWpI31mF7viw9ikj/JyLoKzqlwG/YsefKfvYlYhdYdg/9mtK2z1AzgN/0LvVQ3zdlSQ==",
      "dev": true,
      "engines": {
        "node": ">= 0.4.0"
      }
    },
    "node_modules/fsevents": {
      "version": "2.3.2",
      "resolved": "https://registry.npmjs.org/fsevents/-/fsevents-2.3.2.tgz",
      "integrity": "sha512-xiqMQR4xAeHTuB9uWm+fFRcIOgKBMiOBP+eXiyT7jsgVCq1bkVygt00oASowB7EdtpOHaaPgKt812P9ab+DDKA==",
      "dev": true,
      "hasInstallScript": true,
      "optional": true,
      "os": [
        "darwin"
      ],
      "engines": {
        "node": "^8.16.0 || ^10.6.0 || >=11.0.0"
      }
    },
    "node_modules/module-details-from-path": {
      "version": "1.0.3",
      "resolved": "https://registry.npmjs.org/module-details-from-path/-/module-details-from-path-1.0.3.tgz",
      "integrity": "sha1-EUyUlnPiqKNenTV4hSeqN7Z52is=",
      "dev": true
    },
    "node_modules/rollup": {
      "version": "2.60.1",
      "resolved": "https://registry.npmjs.org/rollup/-/rollup-2.60.1.tgz",
      "integrity": "sha512-akwfnpjY0rXEDSn1UTVfKXJhPsEBu+imi1gqBA1ZkHGydUnkV/fWCC90P7rDaLEW8KTwBcS1G3N4893Ndz+jwg==",
      "dev": true,
      "bin": {
        "rollup": "dist/bin/rollup"
      },
      "engines": {
        "node": ">=10.0.0"
      },
      "optionalDependencies": {
        "fsevents": "~2.3.2"
      }
    },
    "node_modules/rollup-plugin-sizes": {
      "version": "1.0.4",
      "resolved": "https://registry.npmjs.org/rollup-plugin-sizes/-/rollup-plugin-sizes-1.0.4.tgz",
      "integrity": "sha512-sZtFW+X/d4qytqFG6aKxhUj5aJadxOpMZbDrB9j9GpMKrXy2jt4RD/xbfnagbSbH+0q1kBcNd8L9tuoETjOu6g==",
      "dev": true,
      "dependencies": {
        "filesize": "^6.0.1",
        "module-details-from-path": "^1.0.3"
      },
      "peerDependencies": {
        "rollup": "^2.0.0"
      }
    }
  },
  "dependencies": {
    "filesize": {
      "version": "6.4.0",
      "resolved": "https://registry.npmjs.org/filesize/-/filesize-6.4.0.tgz",
      "integrity": "sha512-mjFIpOHC4jbfcTfoh4rkWpI31mF7viw9ikj/JyLoKzqlwG/YsefKfvYlYhdYdg/9mtK2z1AzgN/0LvVQ3zdlSQ==",
      "dev": true
    },
    "fsevents": {
      "version": "2.3.2",
      "resolved": "https://registry.npmjs.org/fsevents/-/fsevents-2.3.2.tgz",
      "integrity": "sha512-xiqMQR4xAeHTuB9uWm+fFRcIOgKBMiOBP+eXiyT7jsgVCq1bkVygt00oASowB7EdtpOHaaPgKt812P9ab+DDKA==",
      "dev": true,
      "optional": true
    },
    "module-details-from-path": {
      "version": "1.0.3",
      "resolved": "https://registry.npmjs.org/module-details-from-path/-/module-details-from-path-1.0.3.tgz",
      "integrity": "sha1-EUyUlnPiqKNenTV4hSeqN7Z52is=",
      "dev": true
    },
    "rollup": {
      "version": "2.60.1",
      "resolved": "https://registry.npmjs.org/rollup/-/rollup-2.60.1.tgz",
      "integrity": "sha512-akwfnpjY0rXEDSn1UTVfKXJhPsEBu+imi1gqBA1ZkHGydUnkV/fWCC90P7rDaLEW8KTwBcS1G3N4893Ndz+jwg==",
      "dev": true,
      "requires": {
        "fsevents": "~2.3.2"
      }
    },
    "rollup-plugin-sizes": {
      "version": "1.0.4",
      "resolved": "https://registry.npmjs.org/rollup-plugin-sizes/-/rollup-plugin-sizes-1.0.4.tgz",
      "integrity": "sha512-sZtFW+X/d4qytqFG6aKxhUj5aJadxOpMZbDrB9j9GpMKrXy2jt4RD/xbfnagbSbH+0q1kBcNd8L9tuoETjOu6g==",
      "dev": true,
      "requires": {
        "filesize": "^6.0.1",
        "module-details-from-path": "^1.0.3"
      }
    }
  }
}
